
Microsoft Visual Studio Solution File, Format Version 12.00
# Visual Studio Version 17
VisualStudioVersion = 17.5.33424.131
MinimumVisualStudioVersion = 10.0.40219.1
Project("{FAE04EC0-301F-11D3-BF4B-00C04F79EFBC}") = "CPNLauncher", "Launcher\CPNLauncher.csproj", "{BA3792FC-1C0F-4B8F-848F-02F7267C0552}"
EndProject
Project("{FAE04EC0-301F-11D3-BF4B-00C04F79EFBC}") = "CPNDownloader3", "CPNDownloader3\CPNDownloader3.csproj", "{4EDFE201-95A2-45AD-B137-A4BE98EB2A84}"
EndProject
Global
	GlobalSection(SolutionConfigurationPlatforms) = preSolution
		Debug|Any CPU = Debug|Any CPU
		Release|Any CPU = Release|Any CPU
	EndGlobalSection
	GlobalSection(ProjectConfigurationPlatforms) = postSolution
		{BA3792FC-1C0F-4B8F-848F-02F7267C0552}.Debug|Any CPU.ActiveCfg = Debug|Any CPU
		{BA3792FC-1C0F-4B8F-848F-02F7267C0552}.Debug|Any CPU.Build.0 = Debug|Any CPU
		{BA3792FC-1C0F-4B8F-848F-02F7267C0552}.Release|Any CPU.ActiveCfg = Release|Any CPU
		{BA3792FC-1C0F-4B8F-848F-02F7267C0552}.Release|Any CPU.Build.0 = Release|Any CPU
		{4EDFE201-95A2-45AD-B137-A4BE98EB2A84}.Debug|Any CPU.ActiveCfg = Debug|Any CPU
		{4EDFE201-95A2-45AD-B137-A4BE98EB2A84}.Debug|Any CPU.Build.0 = Debug|Any CPU
		{4EDFE201-95A2-45AD-B137-A4BE98EB2A84}.Release|Any CPU.ActiveCfg = Release|Any CPU
		{4EDFE201-95A2-45AD-B137-A4BE98EB2A84}.Release|Any CPU.Build.0 = Release|Any CPU
	EndGlobalSection
	GlobalSection(SolutionProperties) = preSolution
		HideSolutionNode = FALSE
	EndGlobalSection
	GlobalSection(ExtensibilityGlobals) = postSolution
		SolutionGuid = {13FCD19A-F038-4213-9859-A1A04010BC09}
	EndGlobalSection
EndGlobal
